<?xml version="1.0" encoding="utf-8"?>
<Project ToolsVersion="4.0" xmlns="http://schemas.microsoft.com/developer/msbuild/2003">
  <ItemGroup>
    <Filter Include="Source Files">
      <UniqueIdentifier>{4FC737F1-C7A5-4376-A066-2A32D752A2FF}</UniqueIdentifier>
      <Extensions>cpp;c;cc;cxx;c++;cppm;ixx;def;odl;idl;hpj;bat;asm;asmx</Extensions>
    </Filter>
    <Filter Include="Header Files">
      <UniqueIdentifier>{93995380-89BD-4b04-88EB-625FBE52EBFB}</UniqueIdentifier>
      <Extensions>h;hh;hpp;hxx;h++;hm;inl;inc;ipp;xsd</Extensions>
    </Filter>
    <Filter Include="Resource Files">
      <UniqueIdentifier>{67DA6AB6-F800-4c08-8B7A-83BB121AAD01}</UniqueIdentifier>
      <Extensions>rc;ico;cur;bmp;dlg;rc2;rct;bin;rgs;gif;jpg;jpeg;jpe;resx;tiff;tif;png;wav;mfcribbon-ms</Extensions>
    </Filter>
    <Filter Include="Header Files\Items">
      <UniqueIdentifier>{1cf529c4-cc85-4749-9c3a-d6a6b639f50d}</UniqueIdentifier>
    </Filter>
    <Filter Include="Header Files\Armors">
      <UniqueIdentifier>{240520ff-591d-4ae6-bcd4-525ef0b2662b}</UniqueIdentifier>
    </Filter>
    <Filter Include="Header Files\Characters">
      <UniqueIdentifier>{fab0d68c-36fa-4ec1-bd32-10950751012c}</UniqueIdentifier>
    </Filter>
    <Filter Include="Source Files\Items">
      <UniqueIdentifier>{01e86d8b-099c-4261-8eea-22268d1a7a90}</UniqueIdentifier>
    </Filter>
    <Filter Include="Source Files\Characters">
      <UniqueIdentifier>{c4ef34b7-abe9-450a-aae8-c68d56584f29}</UniqueIdentifier>
    </Filter>
    <Filter Include="Source Files\Armors">
      <UniqueIdentifier>{1bf78763-142d-45bb-b157-395ecd55abb1}</UniqueIdentifier>
    </Filter>
  </ItemGroup>
  <ItemGroup>
    <ClCompile Include="Source.cpp">
      <Filter>Source Files</Filter>
    </ClCompile>
    <ClCompile Include="Item.cpp">
      <Filter>Source Files</Filter>
    </ClCompile>
    <ClCompile Include="Character.cpp">
      <Filter>Source Files</Filter>
    </ClCompile>
    <ClCompile Include="Whisper.cpp">
      <Filter>Source Files\Items</Filter>
    </ClCompile>
    <ClCompile Include="PhantomDancer.cpp">
      <Filter>Source Files\Items</Filter>
    </ClCompile>
    <ClCompile Include="ImmortalShieldbow.cpp">
      <Filter>Source Files\Items</Filter>
    </ClCompile>
    <ClCompile Include="BlackCleaver.cpp">
      <Filter>Source Files\Items</Filter>
    </ClCompile>
    <ClCompile Include="Player.cpp">
      <Filter>Source Files\Characters</Filter>
    </ClCompile>
    <ClCompile Include="Grunt.cpp">
      <Filter>Source Files\Characters</Filter>
    </ClCompile>
    <ClCompile Include="LongSword.cpp">
      <Filter>Source Files\Items</Filter>
    </ClCompile>
    <ClCompile Include="ClothArmor.cpp">
      <Filter>Source Files\Armors</Filter>
    </ClCompile>
    <ClCompile Include="Shop.cpp">
      <Filter>Source Files</Filter>
    </ClCompile>
    <ClCompile Include="Arena.cpp">
      <Filter>Source Files</Filter>
    </ClCompile>
    <ClCompile Include="RanduinsOmen.cpp">
      <Filter>Source Files\Armors</Filter>
    </ClCompile>
    <ClCompile Include="ShurelyasBattlesong.cpp">
      <Filter>Source Files\Armors</Filter>
    </ClCompile>
    <ClCompile Include="Warmogs.cpp">
      <Filter>Source Files\Armors</Filter>
    </ClCompile>
    <ClCompile Include="SunfireAegis.cpp">
      <Filter>Source Files\Armors</Filter>
    </ClCompile>
  </ItemGroup>
  <ItemGroup>
    <ClInclude Include="Shop.h">
      <Filter>Header Files</Filter>
    </ClInclude>
    <ClInclude Include="Character.h">
      <Filter>Header Files</Filter>
    </ClInclude>
    <ClInclude Include="Arena.h">
      <Filter>Header Files</Filter>
    </ClInclude>
    <ClInclude Include="Item.h">
      <Filter>Header Files</Filter>
    </ClInclude>
    <ClInclude Include="Whisper.h">
      <Filter>Header Files\Items</Filter>
    </ClInclude>
    <ClInclude Include="Warmogs.h">
      <Filter>Header Files\Armors</Filter>
    </ClInclude>
    <ClInclude Include="Player.h">
      <Filter>Header Files\Characters</Filter>
    </ClInclude>
    <ClInclude Include="PhantomDancer.h">
      <Filter>Header Files\Items</Filter>
    </ClInclude>
    <ClInclude Include="ImmortalShieldbow.h">
      <Filter>Header Files\Items</Filter>
    </ClInclude>
    <ClInclude Include="BlackCleaver.h">
      <Filter>Header Files\Items</Filter>
    </ClInclude>
    <ClInclude Include="Grunt.h">
      <Filter>Header Files\Characters</Filter>
    </ClInclude>
    <ClInclude Include="LongSword.h">
      <Filter>Header Files\Items</Filter>
    </ClInclude>
    <ClInclude Include="ClothArmor.h">
      <Filter>Header Files\Armors</Filter>
    </ClInclude>
    <ClInclude Include="RanduinsOmen.h">
      <Filter>Header Files\Armors</Filter>
    </ClInclude>
    <ClInclude Include="ShurelyasBattlesong.h">
      <Filter>Header Files\Armors</Filter>
    </ClInclude>
    <ClInclude Include="SunfireAegis.h">
      <Filter>Header Files\Armors</Filter>
    </ClInclude>
  </ItemGroup>
  <ItemGroup>
    <Text Include="save.txt">
      <Filter>Source Files</Filter>
    </Text>
  </ItemGroup>
</Project>